
Microsoft Visual Studio Solution File, Format Version 12.00
# Visual Studio Version 16
VisualStudioVersion = 16.0.32901.82
MinimumVisualStudioVersion = 10.0.40219.1
Project("{9A19103F-16F7-4668-BE54-9A1E7A4F7556}") = "MeuProjetoGTK", "MeuProjetoGTK.csproj", "{67AB8CE1-EB3D-4FD5-9735-7EF4E870C1AA}"
EndProject
Global
	GlobalSection(SolutionConfigurationPlatforms) = preSolution
		Debug|Any CPU = Debug|Any CPU
		Release|Any CPU = Release|Any CPU
	EndGlobalSection
	GlobalSection(ProjectConfigurationPlatforms) = postSolution
		{67AB8CE1-EB3D-4FD5-9735-7EF4E870C1AA}.Debug|Any CPU.ActiveCfg = Debug|Any CPU
		{67AB8CE1-EB3D-4FD5-9735-7EF4E870C1AA}.Debug|Any CPU.Build.0 = Debug|Any CPU
		{67AB8CE1-EB3D-4FD5-9735-7EF4E870C1AA}.Release|Any CPU.ActiveCfg = Release|Any CPU
		{67AB8CE1-EB3D-4FD5-9735-7EF4E870C1AA}.Release|Any CPU.Build.0 = Release|Any CPU
	EndGlobalSection
	GlobalSection(SolutionProperties) = preSolution
		HideSolutionNode = FALSE
	EndGlobalSection
	GlobalSection(ExtensibilityGlobals) = postSolution
		SolutionGuid = {C616E626-CD37-4304-9D3D-D97A34CF4008}
	EndGlobalSection
EndGlobal
